
Microsoft Visual Studio Solution File, Format Version 12.00
# Visual Studio Version 16
VisualStudioVersion = 16.0.30907.101
MinimumVisualStudioVersion = 10.0.40219.1
Project("{2150E333-8FDC-42A3-9474-1A3956D46DE8}") = "01 Alpakabroker", "01 Alpakabroker", "{17DAF58C-19E3-4B2B-8593-032820C5FF60}"
EndProject
Project("{9A19103F-16F7-4668-BE54-9A1E7A4F7556}") = "SaltLakeCity.Framework.Alpakabroker", "src\SaltLakeCity.Framework.Alpakabroker\SaltLakeCity.Framework.Alpakabroker.csproj", "{8FB0C29B-D9E8-4197-A8FB-2DA956466C90}"
EndProject
Project("{2150E333-8FDC-42A3-9474-1A3956D46DE8}") = "03 Example", "03 Example", "{A5044703-536C-4D47-9D76-C12F6F0F77A1}"
EndProject
Project("{9A19103F-16F7-4668-BE54-9A1E7A4F7556}") = "SaltLakeCity.Framework.Alpakabroker.Example.Events", "src\SaltLakeCity.Framework.Alpakabroker.Example.Events\SaltLakeCity.Framework.Alpakabroker.Example.Events.csproj", "{2BE8AD7C-B1A6-4249-97D5-1DFF840F357C}"
EndProject
Project("{9A19103F-16F7-4668-BE54-9A1E7A4F7556}") = "SaltLakeCity.Framework.Alpakabroker.Example.Client", "src\SaltLakeCity.Framework.Alpakabroker.Example.Client\SaltLakeCity.Framework.Alpakabroker.Example.Client.csproj", "{BE6EF86D-576E-4769-89E5-52259F765834}"
EndProject
Project("{2150E333-8FDC-42A3-9474-1A3956D46DE8}") = "Tools", "Tools", "{1EC722FC-DF2D-4B19-84E8-395314F705C5}"
EndProject
Project("{9A19103F-16F7-4668-BE54-9A1E7A4F7556}") = "SaltLakeCity.Framework.Alpakabroker.Tools.Generator", "src\SaltLakeCity.Framework.Alpakabroker.Tools.Generator\SaltLakeCity.Framework.Alpakabroker.Tools.Generator.csproj", "{2D145E20-FD38-4CFE-92D7-069FD7375FCA}"
EndProject
Project("{FAE04EC0-301F-11D3-BF4B-00C04F79EFBC}") = "SaltLakeCity.Framework.Alpakabroker.Tests", "src\SaltLakeCity.Framework.Alpakabroker.Tests\SaltLakeCity.Framework.Alpakabroker.Tests.csproj", "{57D39541-7C20-4F94-BEE6-119B53A74A4E}"
EndProject
Global
	GlobalSection(SolutionConfigurationPlatforms) = preSolution
		Debug|Any CPU = Debug|Any CPU
		Release|Any CPU = Release|Any CPU
	EndGlobalSection
	GlobalSection(ProjectConfigurationPlatforms) = postSolution
		{8FB0C29B-D9E8-4197-A8FB-2DA956466C90}.Debug|Any CPU.ActiveCfg = Debug|Any CPU
		{8FB0C29B-D9E8-4197-A8FB-2DA956466C90}.Debug|Any CPU.Build.0 = Debug|Any CPU
		{8FB0C29B-D9E8-4197-A8FB-2DA956466C90}.Release|Any CPU.ActiveCfg = Release|Any CPU
		{8FB0C29B-D9E8-4197-A8FB-2DA956466C90}.Release|Any CPU.Build.0 = Release|Any CPU
		{2BE8AD7C-B1A6-4249-97D5-1DFF840F357C}.Debug|Any CPU.ActiveCfg = Debug|Any CPU
		{2BE8AD7C-B1A6-4249-97D5-1DFF840F357C}.Debug|Any CPU.Build.0 = Debug|Any CPU
		{2BE8AD7C-B1A6-4249-97D5-1DFF840F357C}.Release|Any CPU.ActiveCfg = Release|Any CPU
		{2BE8AD7C-B1A6-4249-97D5-1DFF840F357C}.Release|Any CPU.Build.0 = Release|Any CPU
		{BE6EF86D-576E-4769-89E5-52259F765834}.Debug|Any CPU.ActiveCfg = Debug|Any CPU
		{BE6EF86D-576E-4769-89E5-52259F765834}.Debug|Any CPU.Build.0 = Debug|Any CPU
		{BE6EF86D-576E-4769-89E5-52259F765834}.Release|Any CPU.ActiveCfg = Release|Any CPU
		{BE6EF86D-576E-4769-89E5-52259F765834}.Release|Any CPU.Build.0 = Release|Any CPU
		{2D145E20-FD38-4CFE-92D7-069FD7375FCA}.Debug|Any CPU.ActiveCfg = Debug|Any CPU
		{2D145E20-FD38-4CFE-92D7-069FD7375FCA}.Debug|Any CPU.Build.0 = Debug|Any CPU
		{2D145E20-FD38-4CFE-92D7-069FD7375FCA}.Release|Any CPU.ActiveCfg = Release|Any CPU
		{2D145E20-FD38-4CFE-92D7-069FD7375FCA}.Release|Any CPU.Build.0 = Release|Any CPU
		{57D39541-7C20-4F94-BEE6-119B53A74A4E}.Debug|Any CPU.ActiveCfg = Debug|Any CPU
		{57D39541-7C20-4F94-BEE6-119B53A74A4E}.Debug|Any CPU.Build.0 = Debug|Any CPU
		{57D39541-7C20-4F94-BEE6-119B53A74A4E}.Release|Any CPU.ActiveCfg = Release|Any CPU
		{57D39541-7C20-4F94-BEE6-119B53A74A4E}.Release|Any CPU.Build.0 = Release|Any CPU
	EndGlobalSection
	GlobalSection(SolutionProperties) = preSolution
		HideSolutionNode = FALSE
	EndGlobalSection
	GlobalSection(NestedProjects) = preSolution
		{8FB0C29B-D9E8-4197-A8FB-2DA956466C90} = {17DAF58C-19E3-4B2B-8593-032820C5FF60}
		{2BE8AD7C-B1A6-4249-97D5-1DFF840F357C} = {A5044703-536C-4D47-9D76-C12F6F0F77A1}
		{BE6EF86D-576E-4769-89E5-52259F765834} = {A5044703-536C-4D47-9D76-C12F6F0F77A1}
		{1EC722FC-DF2D-4B19-84E8-395314F705C5} = {17DAF58C-19E3-4B2B-8593-032820C5FF60}
		{2D145E20-FD38-4CFE-92D7-069FD7375FCA} = {1EC722FC-DF2D-4B19-84E8-395314F705C5}
		{57D39541-7C20-4F94-BEE6-119B53A74A4E} = {17DAF58C-19E3-4B2B-8593-032820C5FF60}
	EndGlobalSection
	GlobalSection(ExtensibilityGlobals) = postSolution
		SolutionGuid = {6D27A471-32F8-4A03-9110-2034F1AC2392}
	EndGlobalSection
EndGlobal
